
Microsoft Visual Studio Solution File, Format Version 12.00
# Visual Studio Version 16
VisualStudioVersion = 16.0.28803.202
MinimumVisualStudioVersion = 10.0.40219.1
Project("{FAE04EC0-301F-11D3-BF4B-00C04F79EFBC}") = "ChecklistManagement", "ChecklistManagement\ChecklistManagement.csproj", "{DA094EF1-B5FC-41A9-BB2C-49B7A89DAF7B}"
EndProject
Global
	GlobalSection(SolutionConfigurationPlatforms) = preSolution
		Debug|Any CPU = Debug|Any CPU
		Release|Any CPU = Release|Any CPU
	EndGlobalSection
	GlobalSection(ProjectConfigurationPlatforms) = postSolution
		{DA094EF1-B5FC-41A9-BB2C-49B7A89DAF7B}.Debug|Any CPU.ActiveCfg = Debug|Any CPU
		{DA094EF1-B5FC-41A9-BB2C-49B7A89DAF7B}.Debug|Any CPU.Build.0 = Debug|Any CPU
		{DA094EF1-B5FC-41A9-BB2C-49B7A89DAF7B}.Release|Any CPU.ActiveCfg = Release|Any CPU
		{DA094EF1-B5FC-41A9-BB2C-49B7A89DAF7B}.Release|Any CPU.Build.0 = Release|Any CPU
	EndGlobalSection
	GlobalSection(SolutionProperties) = preSolution
		HideSolutionNode = FALSE
	EndGlobalSection
	GlobalSection(ExtensibilityGlobals) = postSolution
		SolutionGuid = {E446D9F6-D9D9-40FB-BEFB-C1D58A800635}
	EndGlobalSection
EndGlobal
